
Microsoft Visual Studio Solution File, Format Version 12.00
# Visual Studio Version 16
VisualStudioVersion = 16.0.29728.190
MinimumVisualStudioVersion = 10.0.40219.1
Project("{FAE04EC0-301F-11D3-BF4B-00C04F79EFBC}") = "UI", "UI\UI.csproj", "{121AC428-0D4E-4BD0-9761-56D97791502C}"
EndProject
Project("{FAE04EC0-301F-11D3-BF4B-00C04F79EFBC}") = "QLib", "Lib\QLib.csproj", "{8F39097F-1101-4577-BCB0-3FA79CD0EC5A}"
EndProject
Project("{FAE04EC0-301F-11D3-BF4B-00C04F79EFBC}") = "CLI", "CLI\CLI.csproj", "{6D791AD9-D882-48E0-AC2B-D6E6A3AC4D80}"
EndProject
Project("{FAE04EC0-301F-11D3-BF4B-00C04F79EFBC}") = "QSvc", "Svc\QSvc.csproj", "{8334B7C7-145E-4DB4-B787-507CA3C71539}"
EndProject
Global
	GlobalSection(SolutionConfigurationPlatforms) = preSolution
		Debug|Any CPU = Debug|Any CPU
		Release|Any CPU = Release|Any CPU
	EndGlobalSection
	GlobalSection(ProjectConfigurationPlatforms) = postSolution
		{121AC428-0D4E-4BD0-9761-56D97791502C}.Debug|Any CPU.ActiveCfg = Debug|Any CPU
		{121AC428-0D4E-4BD0-9761-56D97791502C}.Debug|Any CPU.Build.0 = Debug|Any CPU
		{121AC428-0D4E-4BD0-9761-56D97791502C}.Release|Any CPU.ActiveCfg = Release|Any CPU
		{121AC428-0D4E-4BD0-9761-56D97791502C}.Release|Any CPU.Build.0 = Release|Any CPU
		{8F39097F-1101-4577-BCB0-3FA79CD0EC5A}.Debug|Any CPU.ActiveCfg = Debug|Any CPU
		{8F39097F-1101-4577-BCB0-3FA79CD0EC5A}.Debug|Any CPU.Build.0 = Debug|Any CPU
		{8F39097F-1101-4577-BCB0-3FA79CD0EC5A}.Release|Any CPU.ActiveCfg = Release|Any CPU
		{8F39097F-1101-4577-BCB0-3FA79CD0EC5A}.Release|Any CPU.Build.0 = Release|Any CPU
		{6D791AD9-D882-48E0-AC2B-D6E6A3AC4D80}.Debug|Any CPU.ActiveCfg = Debug|Any CPU
		{6D791AD9-D882-48E0-AC2B-D6E6A3AC4D80}.Debug|Any CPU.Build.0 = Debug|Any CPU
		{6D791AD9-D882-48E0-AC2B-D6E6A3AC4D80}.Release|Any CPU.ActiveCfg = Release|Any CPU
		{6D791AD9-D882-48E0-AC2B-D6E6A3AC4D80}.Release|Any CPU.Build.0 = Release|Any CPU
		{8334B7C7-145E-4DB4-B787-507CA3C71539}.Debug|Any CPU.ActiveCfg = Debug|Any CPU
		{8334B7C7-145E-4DB4-B787-507CA3C71539}.Debug|Any CPU.Build.0 = Debug|Any CPU
		{8334B7C7-145E-4DB4-B787-507CA3C71539}.Release|Any CPU.ActiveCfg = Release|Any CPU
		{8334B7C7-145E-4DB4-B787-507CA3C71539}.Release|Any CPU.Build.0 = Release|Any CPU
	EndGlobalSection
	GlobalSection(SolutionProperties) = preSolution
		HideSolutionNode = FALSE
	EndGlobalSection
	GlobalSection(ExtensibilityGlobals) = postSolution
		SolutionGuid = {7BCC61EC-CE22-454E-AC96-25339963AF57}
	EndGlobalSection
EndGlobal
